
Microsoft Visual Studio Solution File, Format Version 12.00
# Visual Studio 14
VisualStudioVersion = 14.0.25420.1
MinimumVisualStudioVersion = 10.0.40219.1
Project("{FAE04EC0-301F-11D3-BF4B-00C04F79EFBC}") = "CSMSapplication", "CSMS\CSMSapplication.csproj", "{6CB28A8F-9F12-48A0-9BE2-A250FB93EAB0}"
EndProject
Project("{FAE04EC0-301F-11D3-BF4B-00C04F79EFBC}") = "CSMSRepository", "CSMSRepository\CSMSRepository.csproj", "{118DD745-1815-4233-9655-D5126A1447E9}"
EndProject
Global
	GlobalSection(SolutionConfigurationPlatforms) = preSolution
		Debug|Any CPU = Debug|Any CPU
		Release|Any CPU = Release|Any CPU
	EndGlobalSection
	GlobalSection(ProjectConfigurationPlatforms) = postSolution
		{6CB28A8F-9F12-48A0-9BE2-A250FB93EAB0}.Debug|Any CPU.ActiveCfg = Debug|Any CPU
		{6CB28A8F-9F12-48A0-9BE2-A250FB93EAB0}.Debug|Any CPU.Build.0 = Debug|Any CPU
		{6CB28A8F-9F12-48A0-9BE2-A250FB93EAB0}.Release|Any CPU.ActiveCfg = Release|Any CPU
		{6CB28A8F-9F12-48A0-9BE2-A250FB93EAB0}.Release|Any CPU.Build.0 = Release|Any CPU
		{118DD745-1815-4233-9655-D5126A1447E9}.Debug|Any CPU.ActiveCfg = Debug|Any CPU
		{118DD745-1815-4233-9655-D5126A1447E9}.Debug|Any CPU.Build.0 = Debug|Any CPU
		{118DD745-1815-4233-9655-D5126A1447E9}.Release|Any CPU.ActiveCfg = Release|Any CPU
		{118DD745-1815-4233-9655-D5126A1447E9}.Release|Any CPU.Build.0 = Release|Any CPU
	EndGlobalSection
	GlobalSection(SolutionProperties) = preSolution
		HideSolutionNode = FALSE
	EndGlobalSection
EndGlobal
